
Microsoft Visual Studio Solution File, Format Version 12.00
# Visual Studio Version 17
VisualStudioVersion = 17.14.36221.1 d17.14
MinimumVisualStudioVersion = 10.0.40219.1
Project("{FAE04EC0-301F-11D3-BF4B-00C04F79EFBC}") = "WebApplication2", "WebApplication2.csproj", "{3E5A0DB1-5F17-4EE4-B9FA-B119372EB403}"
EndProject
Global
	GlobalSection(SolutionConfigurationPlatforms) = preSolution
		Debug|Any CPU = Debug|Any CPU
		Release|Any CPU = Release|Any CPU
	EndGlobalSection
	GlobalSection(ProjectConfigurationPlatforms) = postSolution
		{3E5A0DB1-5F17-4EE4-B9FA-B119372EB403}.Debug|Any CPU.ActiveCfg = Debug|Any CPU
		{3E5A0DB1-5F17-4EE4-B9FA-B119372EB403}.Debug|Any CPU.Build.0 = Debug|Any CPU
		{3E5A0DB1-5F17-4EE4-B9FA-B119372EB403}.Release|Any CPU.ActiveCfg = Release|Any CPU
		{3E5A0DB1-5F17-4EE4-B9FA-B119372EB403}.Release|Any CPU.Build.0 = Release|Any CPU
	EndGlobalSection
	GlobalSection(SolutionProperties) = preSolution
		HideSolutionNode = FALSE
	EndGlobalSection
	GlobalSection(ExtensibilityGlobals) = postSolution
		SolutionGuid = {F7C9DD0C-B07F-4FFE-954E-CFBA71BC2AD5}
	EndGlobalSection
EndGlobal
